
Microsoft Visual Studio Solution File, Format Version 12.00
# Visual Studio Version 17
VisualStudioVersion = 17.4.33213.308
MinimumVisualStudioVersion = 10.0.40219.1
Project("{9A19103F-16F7-4668-BE54-9A1E7A4F7556}") = "EngineAir", "EngineAir\EngineAir.csproj", "{CFC5A6C2-DFC8-4117-BD47-7F7AE771230E}"
EndProject
Project("{FAE04EC0-301F-11D3-BF4B-00C04F79EFBC}") = "MVC.Models", "MVC.Models\MVC.Models.csproj", "{C72A9F28-0248-4B82-B7EA-246A70109B7A}"
EndProject
Project("{FAE04EC0-301F-11D3-BF4B-00C04F79EFBC}") = "MVC.Services", "MVC.Services\MVC.Services.csproj", "{E4D606BD-DB9B-4913-9586-0463834D5528}"
EndProject
Global
	GlobalSection(SolutionConfigurationPlatforms) = preSolution
		Debug|Any CPU = Debug|Any CPU
		Release|Any CPU = Release|Any CPU
	EndGlobalSection
	GlobalSection(ProjectConfigurationPlatforms) = postSolution
		{CFC5A6C2-DFC8-4117-BD47-7F7AE771230E}.Debug|Any CPU.ActiveCfg = Debug|Any CPU
		{CFC5A6C2-DFC8-4117-BD47-7F7AE771230E}.Debug|Any CPU.Build.0 = Debug|Any CPU
		{CFC5A6C2-DFC8-4117-BD47-7F7AE771230E}.Release|Any CPU.ActiveCfg = Release|Any CPU
		{CFC5A6C2-DFC8-4117-BD47-7F7AE771230E}.Release|Any CPU.Build.0 = Release|Any CPU
		{C72A9F28-0248-4B82-B7EA-246A70109B7A}.Debug|Any CPU.ActiveCfg = Debug|Any CPU
		{C72A9F28-0248-4B82-B7EA-246A70109B7A}.Debug|Any CPU.Build.0 = Debug|Any CPU
		{C72A9F28-0248-4B82-B7EA-246A70109B7A}.Release|Any CPU.ActiveCfg = Release|Any CPU
		{C72A9F28-0248-4B82-B7EA-246A70109B7A}.Release|Any CPU.Build.0 = Release|Any CPU
		{E4D606BD-DB9B-4913-9586-0463834D5528}.Debug|Any CPU.ActiveCfg = Debug|Any CPU
		{E4D606BD-DB9B-4913-9586-0463834D5528}.Debug|Any CPU.Build.0 = Debug|Any CPU
		{E4D606BD-DB9B-4913-9586-0463834D5528}.Release|Any CPU.ActiveCfg = Release|Any CPU
		{E4D606BD-DB9B-4913-9586-0463834D5528}.Release|Any CPU.Build.0 = Release|Any CPU
	EndGlobalSection
	GlobalSection(SolutionProperties) = preSolution
		HideSolutionNode = FALSE
	EndGlobalSection
	GlobalSection(ExtensibilityGlobals) = postSolution
		SolutionGuid = {E3F8FE6F-2106-40DB-8778-48B8E4009BDA}
	EndGlobalSection
EndGlobal
